
Microsoft Visual Studio Solution File, Format Version 12.00
# Visual Studio Version 17
VisualStudioVersion = 17.1.32210.238
MinimumVisualStudioVersion = 10.0.40219.1
Project("{9A19103F-16F7-4668-BE54-9A1E7A4F7556}") = "UserService", "UserService\UserService.csproj", "{57BE4015-CE58-4E66-BC66-9DF90E4F0CD7}"
EndProject
Project("{9A19103F-16F7-4668-BE54-9A1E7A4F7556}") = "APIGateway", "APIGateway\APIGateway.csproj", "{B35E9CE6-2931-448A-82C6-6416ADC88A99}"
EndProject
Global
	GlobalSection(SolutionConfigurationPlatforms) = preSolution
		Debug|Any CPU = Debug|Any CPU
		Release|Any CPU = Release|Any CPU
	EndGlobalSection
	GlobalSection(ProjectConfigurationPlatforms) = postSolution
		{57BE4015-CE58-4E66-BC66-9DF90E4F0CD7}.Debug|Any CPU.ActiveCfg = Debug|Any CPU
		{57BE4015-CE58-4E66-BC66-9DF90E4F0CD7}.Debug|Any CPU.Build.0 = Debug|Any CPU
		{57BE4015-CE58-4E66-BC66-9DF90E4F0CD7}.Release|Any CPU.ActiveCfg = Release|Any CPU
		{57BE4015-CE58-4E66-BC66-9DF90E4F0CD7}.Release|Any CPU.Build.0 = Release|Any CPU
		{B35E9CE6-2931-448A-82C6-6416ADC88A99}.Debug|Any CPU.ActiveCfg = Debug|Any CPU
		{B35E9CE6-2931-448A-82C6-6416ADC88A99}.Debug|Any CPU.Build.0 = Debug|Any CPU
		{B35E9CE6-2931-448A-82C6-6416ADC88A99}.Release|Any CPU.ActiveCfg = Release|Any CPU
		{B35E9CE6-2931-448A-82C6-6416ADC88A99}.Release|Any CPU.Build.0 = Release|Any CPU
	EndGlobalSection
	GlobalSection(SolutionProperties) = preSolution
		HideSolutionNode = FALSE
	EndGlobalSection
	GlobalSection(ExtensibilityGlobals) = postSolution
		SolutionGuid = {BA1FEC1A-C2DF-4B41-ADEA-8C05E12F935A}
	EndGlobalSection
EndGlobal
